
Microsoft Visual Studio Solution File, Format Version 12.00
# Visual Studio Version 16
VisualStudioVersion = 16.0.810.20
MinimumVisualStudioVersion = 10.0.40219.1
Project("{2150E333-8FDC-42A3-9474-1A3956D46DE8}") = "UIs", "UIs", "{A9D3D3FC-B3B9-4852-BF18-6A5A8D6B9331}"
EndProject
Project("{2150E333-8FDC-42A3-9474-1A3956D46DE8}") = "Tests", "Tests", "{0AED1C5F-1439-4BF1-9813-4F15A4AFF1C9}"
EndProject
Project("{2150E333-8FDC-42A3-9474-1A3956D46DE8}") = "DAL", "DAL", "{A6633FF2-6F1B-4230-B140-A5211DCE4631}"
EndProject
Project("{2150E333-8FDC-42A3-9474-1A3956D46DE8}") = "Business", "Business", "{32AC25D8-A222-4381-9AE9-622BA3D965F8}"
EndProject
Project("{2150E333-8FDC-42A3-9474-1A3956D46DE8}") = "WebApi", "WebApi", "{E5C015EB-A79A-477C-86BB-F956130F6476}"
EndProject
Project("{2150E333-8FDC-42A3-9474-1A3956D46DE8}") = "ConsoleApp", "ConsoleApp", "{263AF11F-1E17-44C0-8A9F-D90D43CEE438}"
EndProject
Project("{2150E333-8FDC-42A3-9474-1A3956D46DE8}") = "MVCApp", "MVCApp", "{51111AB4-4D03-42A4-A823-89CB573E533D}"
EndProject
Project("{FAE04EC0-301F-11D3-BF4B-00C04F79EFBC}") = "MyCafeDAL", "MyCafeDAL\MyCafeDAL.csproj", "{44ECAB57-4C3E-4DD5-8F6B-3C066DBCFD01}"
EndProject
Project("{FAE04EC0-301F-11D3-BF4B-00C04F79EFBC}") = "MyCafeConsoleApp", "MyCafeConsoleApp\MyCafeConsoleApp.csproj", "{5309CB0D-9EA7-41C4-A06F-524229D0ECDB}"
EndProject
Project("{FAE04EC0-301F-11D3-BF4B-00C04F79EFBC}") = "MyCafeMVCApp", "MyCafeMVCApp\MyCafeMVCApp.csproj", "{72600C1A-B4F4-485E-9D19-28926A5D8BAA}"
EndProject
Project("{FAE04EC0-301F-11D3-BF4B-00C04F79EFBC}") = "MyCafeWebApi", "MyCafeWebApi\MyCafeWebApi.csproj", "{B65B11B1-7565-4E40-A98B-BE2F272B5E4D}"
EndProject
Global
	GlobalSection(SolutionConfigurationPlatforms) = preSolution
		Debug|Any CPU = Debug|Any CPU
		Release|Any CPU = Release|Any CPU
	EndGlobalSection
	GlobalSection(ProjectConfigurationPlatforms) = postSolution
		{44ECAB57-4C3E-4DD5-8F6B-3C066DBCFD01}.Debug|Any CPU.ActiveCfg = Debug|Any CPU
		{44ECAB57-4C3E-4DD5-8F6B-3C066DBCFD01}.Debug|Any CPU.Build.0 = Debug|Any CPU
		{44ECAB57-4C3E-4DD5-8F6B-3C066DBCFD01}.Release|Any CPU.ActiveCfg = Release|Any CPU
		{44ECAB57-4C3E-4DD5-8F6B-3C066DBCFD01}.Release|Any CPU.Build.0 = Release|Any CPU
		{5309CB0D-9EA7-41C4-A06F-524229D0ECDB}.Debug|Any CPU.ActiveCfg = Debug|Any CPU
		{5309CB0D-9EA7-41C4-A06F-524229D0ECDB}.Debug|Any CPU.Build.0 = Debug|Any CPU
		{5309CB0D-9EA7-41C4-A06F-524229D0ECDB}.Release|Any CPU.ActiveCfg = Release|Any CPU
		{5309CB0D-9EA7-41C4-A06F-524229D0ECDB}.Release|Any CPU.Build.0 = Release|Any CPU
		{72600C1A-B4F4-485E-9D19-28926A5D8BAA}.Debug|Any CPU.ActiveCfg = Debug|Any CPU
		{72600C1A-B4F4-485E-9D19-28926A5D8BAA}.Debug|Any CPU.Build.0 = Debug|Any CPU
		{72600C1A-B4F4-485E-9D19-28926A5D8BAA}.Release|Any CPU.ActiveCfg = Release|Any CPU
		{72600C1A-B4F4-485E-9D19-28926A5D8BAA}.Release|Any CPU.Build.0 = Release|Any CPU
		{B65B11B1-7565-4E40-A98B-BE2F272B5E4D}.Debug|Any CPU.ActiveCfg = Debug|Any CPU
		{B65B11B1-7565-4E40-A98B-BE2F272B5E4D}.Debug|Any CPU.Build.0 = Debug|Any CPU
		{B65B11B1-7565-4E40-A98B-BE2F272B5E4D}.Release|Any CPU.ActiveCfg = Release|Any CPU
		{B65B11B1-7565-4E40-A98B-BE2F272B5E4D}.Release|Any CPU.Build.0 = Release|Any CPU
	EndGlobalSection
	GlobalSection(SolutionProperties) = preSolution
		HideSolutionNode = FALSE
	EndGlobalSection
	GlobalSection(ExtensibilityGlobals) = postSolution
		SolutionGuid = {10408B7C-F198-48D2-9A39-1F19AD77401F}
	EndGlobalSection
	GlobalSection(NestedProjects) = preSolution
		{E5C015EB-A79A-477C-86BB-F956130F6476} = {A9D3D3FC-B3B9-4852-BF18-6A5A8D6B9331}
		{263AF11F-1E17-44C0-8A9F-D90D43CEE438} = {A9D3D3FC-B3B9-4852-BF18-6A5A8D6B9331}
		{51111AB4-4D03-42A4-A823-89CB573E533D} = {A9D3D3FC-B3B9-4852-BF18-6A5A8D6B9331}
		{44ECAB57-4C3E-4DD5-8F6B-3C066DBCFD01} = {A6633FF2-6F1B-4230-B140-A5211DCE4631}
		{5309CB0D-9EA7-41C4-A06F-524229D0ECDB} = {263AF11F-1E17-44C0-8A9F-D90D43CEE438}
		{72600C1A-B4F4-485E-9D19-28926A5D8BAA} = {51111AB4-4D03-42A4-A823-89CB573E533D}
		{B65B11B1-7565-4E40-A98B-BE2F272B5E4D} = {E5C015EB-A79A-477C-86BB-F956130F6476}
	EndGlobalSection
EndGlobal
